
Microsoft Visual Studio Solution File, Format Version 12.00
# Visual Studio Version 16
VisualStudioVersion = 16.0.31729.503
MinimumVisualStudioVersion = 10.0.40219.1
Project("{FAE04EC0-301F-11D3-BF4B-00C04F79EFBC}") = "CodeChallengeProgram", "CodeChallengeProgram\CodeChallengeProgram.csproj", "{17264E26-766F-47C4-A44E-56D1BBB97AF6}"
EndProject
Project("{FAE04EC0-301F-11D3-BF4B-00C04F79EFBC}") = "CodeChallenge.Tests", "CodeChallenge.Tests\CodeChallenge.Tests.csproj", "{31F1E817-6B23-4BC1-9AC8-D6B111D95CC6}"
EndProject
Global
	GlobalSection(SolutionConfigurationPlatforms) = preSolution
		Debug|Any CPU = Debug|Any CPU
		Release|Any CPU = Release|Any CPU
	EndGlobalSection
	GlobalSection(ProjectConfigurationPlatforms) = postSolution
		{17264E26-766F-47C4-A44E-56D1BBB97AF6}.Debug|Any CPU.ActiveCfg = Debug|Any CPU
		{17264E26-766F-47C4-A44E-56D1BBB97AF6}.Debug|Any CPU.Build.0 = Debug|Any CPU
		{17264E26-766F-47C4-A44E-56D1BBB97AF6}.Release|Any CPU.ActiveCfg = Release|Any CPU
		{17264E26-766F-47C4-A44E-56D1BBB97AF6}.Release|Any CPU.Build.0 = Release|Any CPU
		{31F1E817-6B23-4BC1-9AC8-D6B111D95CC6}.Debug|Any CPU.ActiveCfg = Debug|Any CPU
		{31F1E817-6B23-4BC1-9AC8-D6B111D95CC6}.Debug|Any CPU.Build.0 = Debug|Any CPU
		{31F1E817-6B23-4BC1-9AC8-D6B111D95CC6}.Release|Any CPU.ActiveCfg = Release|Any CPU
		{31F1E817-6B23-4BC1-9AC8-D6B111D95CC6}.Release|Any CPU.Build.0 = Release|Any CPU
	EndGlobalSection
	GlobalSection(SolutionProperties) = preSolution
		HideSolutionNode = FALSE
	EndGlobalSection
	GlobalSection(ExtensibilityGlobals) = postSolution
		SolutionGuid = {56A9C654-82BD-40B5-B07A-88452269DBBE}
	EndGlobalSection
EndGlobal
